// !$*UTF8*$!
{
	archiveVersion = 1;
	classes = {
	};
	objectVersion = 51;
	objects = {

/* Begin PBXBuildFile section */
		85987D451463EC32FB196703 /* Pods_Tastopia.framework in Frameworks */ = {isa = PBXBuildFile; fileRef = 3E3D56D83B99B87ABC986F7B /* Pods_Tastopia.framework */; };
		CF031D7523FE24030013B179 /* SelectImageViewController.swift in Sources */ = {isa = PBXBuildFile; fileRef = CF031D7423FE24030013B179 /* SelectImageViewController.swift */; };
		CF031D7723FE319D0013B179 /* SelectImageCollectionViewCell.swift in Sources */ = {isa = PBXBuildFile; fileRef = CF031D7623FE319D0013B179 /* SelectImageCollectionViewCell.swift */; };
		CF031D7923FE67680013B179 /* SelectImageDisplayCollectionViewCell.swift in Sources */ = {isa = PBXBuildFile; fileRef = CF031D7823FE67680013B179 /* SelectImageDisplayCollectionViewCell.swift */; };
		CF05175D23E412ED004EE1CB /* UIImage+Extension.swift in Sources */ = {isa = PBXBuildFile; fileRef = CF05175C23E412ED004EE1CB /* UIImage+Extension.swift */; };
		CF05175F23E447DD004EE1CB /* UIView+Extension.swift in Sources */ = {isa = PBXBuildFile; fileRef = CF05175E23E447DD004EE1CB /* UIView+Extension.swift */; };
		CF05176423E57884004EE1CB /* NotoSerifTC-ExtraLight.otf in Resources */ = {isa = PBXBuildFile; fileRef = CFF6435823E3F6EB003CD246 /* NotoSerifTC-ExtraLight.otf */; };
		CF05176523E57888004EE1CB /* NotoSerifTC-Light.otf in Resources */ = {isa = PBXBuildFile; fileRef = CFF6435623E3F6EA003CD246 /* NotoSerifTC-Light.otf */; };
		CF05176623E5789E004EE1CB /* NotoSerifTC-Regular.otf in Resources */ = {isa = PBXBuildFile; fileRef = CFF6435323E3F6E9003CD246 /* NotoSerifTC-Regular.otf */; };
		CF05176723E578A1004EE1CB /* NotoSerifTC-Medium.otf in Resources */ = {isa = PBXBuildFile; fileRef = CFF6435423E3F6EA003CD246 /* NotoSerifTC-Medium.otf */; };
		CF05176823E578A5004EE1CB /* NotoSerifTC-SemiBold.otf in Resources */ = {isa = PBXBuildFile; fileRef = CFF6435523E3F6EA003CD246 /* NotoSerifTC-SemiBold.otf */; };
		CF05176923E578A7004EE1CB /* NotoSerifTC-Bold.otf in Resources */ = {isa = PBXBuildFile; fileRef = CFF6435923E3F6EB003CD246 /* NotoSerifTC-Bold.otf */; };
		CF05176A23E578AB004EE1CB /* NotoSerifTC-Black.otf in Resources */ = {isa = PBXBuildFile; fileRef = CFF6435723E3F6EB003CD246 /* NotoSerifTC-Black.otf */; };
		CF12235E23E26C91004A41B3 /* AppDelegate.swift in Sources */ = {isa = PBXBuildFile; fileRef = CF12235D23E26C91004A41B3 /* AppDelegate.swift */; };
		CF12236223E26C91004A41B3 /* LoginViewController.swift in Sources */ = {isa = PBXBuildFile; fileRef = CF12236123E26C91004A41B3 /* LoginViewController.swift */; };
		CF12236523E26C91004A41B3 /* Main.storyboard in Resources */ = {isa = PBXBuildFile; fileRef = CF12236323E26C91004A41B3 /* Main.storyboard */; };
		CF12236823E26C91004A41B3 /* Tastopia.xcdatamodeld in Sources */ = {isa = PBXBuildFile; fileRef = CF12236623E26C91004A41B3 /* Tastopia.xcdatamodeld */; };
		CF12236A23E26C92004A41B3 /* Assets.xcassets in Resources */ = {isa = PBXBuildFile; fileRef = CF12236923E26C92004A41B3 /* Assets.xcassets */; };
		CF12236D23E26C92004A41B3 /* LaunchScreen.storyboard in Resources */ = {isa = PBXBuildFile; fileRef = CF12236B23E26C92004A41B3 /* LaunchScreen.storyboard */; };
		CF18DDB9240407140038E2A9 /* ProfileViewController.swift in Sources */ = {isa = PBXBuildFile; fileRef = CF18DDB8240407140038E2A9 /* ProfileViewController.swift */; };
		CF2A949923E7CDA10056B532 /* TaskContentTableViewCell.swift in Sources */ = {isa = PBXBuildFile; fileRef = CF2A949823E7CDA10056B532 /* TaskContentTableViewCell.swift */; };
		CF2A949B23E800C00056B532 /* ExecuteTaskViewController.swift in Sources */ = {isa = PBXBuildFile; fileRef = CF2A949A23E800C00056B532 /* ExecuteTaskViewController.swift */; };
		CF2A949D23E819E20056B532 /* ExecuteTaskPhotoCollectionViewCell.swift in Sources */ = {isa = PBXBuildFile; fileRef = CF2A949C23E819E20056B532 /* ExecuteTaskPhotoCollectionViewCell.swift */; };
		CF2A94A123E96A4A0056B532 /* TaskRecordViewController.swift in Sources */ = {isa = PBXBuildFile; fileRef = CF2A94A023E96A4A0056B532 /* TaskRecordViewController.swift */; };
		CF2A94A523E989CF0056B532 /* TaskRecordCollectionViewCell.swift in Sources */ = {isa = PBXBuildFile; fileRef = CF2A94A423E989CF0056B532 /* TaskRecordCollectionViewCell.swift */; };
		CF2A94A723E98CF70056B532 /* WritingProvider.swift in Sources */ = {isa = PBXBuildFile; fileRef = CF2A94A623E98CF70056B532 /* WritingProvider.swift */; };
		CF2A94AA23E999E60056B532 /* KingFisherWrapper.swift in Sources */ = {isa = PBXBuildFile; fileRef = CF2A94A923E999E60056B532 /* KingFisherWrapper.swift */; };
		CF2A94AC23EA701B0056B532 /* RecordContentViewController.swift in Sources */ = {isa = PBXBuildFile; fileRef = CF2A94AB23EA701B0056B532 /* RecordContentViewController.swift */; };
		CF303EC12400AA9B005EE7E4 /* SwiftMessagesWrapper.swift in Sources */ = {isa = PBXBuildFile; fileRef = CF303EC02400AA9B005EE7E4 /* SwiftMessagesWrapper.swift */; };
		CF303EC324016699005EE7E4 /* QuestionView.xib in Resources */ = {isa = PBXBuildFile; fileRef = CF303EC224016699005EE7E4 /* QuestionView.xib */; };
		CF303EC5240166FE005EE7E4 /* QuestionView.swift in Sources */ = {isa = PBXBuildFile; fileRef = CF303EC4240166FE005EE7E4 /* QuestionView.swift */; };
		CF394DAC23F91CDD003B9CEB /* JGProgressHUDWrapper.swift in Sources */ = {isa = PBXBuildFile; fileRef = CF394DAB23F91CDD003B9CEB /* JGProgressHUDWrapper.swift */; };
		CF394DAE23F94012003B9CEB /* LaunchViewController.swift in Sources */ = {isa = PBXBuildFile; fileRef = CF394DAD23F94012003B9CEB /* LaunchViewController.swift */; };
		CF4B522923F7E3250006B07B /* QRCodeViewController.swift in Sources */ = {isa = PBXBuildFile; fileRef = CF4B522823F7E3250006B07B /* QRCodeViewController.swift */; };
		CF4B522B23F7EEB50006B07B /* QRCodeScanViewController.swift in Sources */ = {isa = PBXBuildFile; fileRef = CF4B522A23F7EEB50006B07B /* QRCodeScanViewController.swift */; };
		CF4E189623EA985A00CA3A4A /* RecordContentCollectionViewCell.swift in Sources */ = {isa = PBXBuildFile; fileRef = CF4E189523EA985A00CA3A4A /* RecordContentCollectionViewCell.swift */; };
		CF50919B23E70E2200A77EB4 /* TaskContentViewController.swift in Sources */ = {isa = PBXBuildFile; fileRef = CF50919A23E70E2200A77EB4 /* TaskContentViewController.swift */; };
		CF524C7623ED13B400E2B63B /* RecordContentResponseTableViewCell.swift in Sources */ = {isa = PBXBuildFile; fileRef = CF524C7523ED13B400E2B63B /* RecordContentResponseTableViewCell.swift */; };
		CF68D5D723FA7DE1005B03ED /* MapProvider.swift in Sources */ = {isa = PBXBuildFile; fileRef = CF68D5D623FA7DE1005B03ED /* MapProvider.swift */; };
		CF68D5E423FCBC65005B03ED /* NotoSansTC-Black.otf in Resources */ = {isa = PBXBuildFile; fileRef = CF68D5DE23FCBC63005B03ED /* NotoSansTC-Black.otf */; };
		CF68D5E523FCBC65005B03ED /* NotoSansTC-Thin.otf in Resources */ = {isa = PBXBuildFile; fileRef = CF68D5DF23FCBC63005B03ED /* NotoSansTC-Thin.otf */; };
		CF68D5E623FCBC65005B03ED /* NotoSansTC-Light.otf in Resources */ = {isa = PBXBuildFile; fileRef = CF68D5E023FCBC64005B03ED /* NotoSansTC-Light.otf */; };
		CF68D5E723FCBC65005B03ED /* NotoSansTC-Medium.otf in Resources */ = {isa = PBXBuildFile; fileRef = CF68D5E123FCBC64005B03ED /* NotoSansTC-Medium.otf */; };
		CF68D5E823FCBC65005B03ED /* NotoSansTC-Regular.otf in Resources */ = {isa = PBXBuildFile; fileRef = CF68D5E223FCBC64005B03ED /* NotoSansTC-Regular.otf */; };
		CF68D5E923FCBC65005B03ED /* NotoSansTC-Bold.otf in Resources */ = {isa = PBXBuildFile; fileRef = CF68D5E323FCBC65005B03ED /* NotoSansTC-Bold.otf */; };
		CF78268123E57D4800B70ED4 /* FirestoreManager.swift in Sources */ = {isa = PBXBuildFile; fileRef = CF78268023E57D4800B70ED4 /* FirestoreManager.swift */; };
		CF78268323E65E4800B70ED4 /* RestaurantProvider.swift in Sources */ = {isa = PBXBuildFile; fileRef = CF78268223E65E4800B70ED4 /* RestaurantProvider.swift */; };
		CF78268723E675CD00B70ED4 /* UserProvider.swift in Sources */ = {isa = PBXBuildFile; fileRef = CF78268623E675CD00B70ED4 /* UserProvider.swift */; };
		CF7E979023E2B9DA00BD38B7 /* UIColor+Extension.swift in Sources */ = {isa = PBXBuildFile; fileRef = CF7E978F23E2B9DA00BD38B7 /* UIColor+Extension.swift */; };
		CF7E979223E2CF4D00BD38B7 /* HomeViewController.swift in Sources */ = {isa = PBXBuildFile; fileRef = CF7E979123E2CF4D00BD38B7 /* HomeViewController.swift */; };
		CFA113E823FD693400EBE412 /* google-map-style.json in Resources */ = {isa = PBXBuildFile; fileRef = CFA113E723FD693400EBE412 /* google-map-style.json */; };
		CFAA5EF323F00BA5004D960B /* TaskContentTitleTableViewCell.swift in Sources */ = {isa = PBXBuildFile; fileRef = CFAA5EF223F00BA5004D960B /* TaskContentTitleTableViewCell.swift */; };
		CFD07B6423F271500036A7A5 /* CALayer+Extension.swift in Sources */ = {isa = PBXBuildFile; fileRef = CFD07B6323F2714F0036A7A5 /* CALayer+Extension.swift */; };
		CFD07B6A23F29F160036A7A5 /* RecordContentTopTableViewCell.swift in Sources */ = {isa = PBXBuildFile; fileRef = CFD07B6923F29F160036A7A5 /* RecordContentTopTableViewCell.swift */; };
		CFD07B6C23F29F390036A7A5 /* RecordContentImageTableViewCell.swift in Sources */ = {isa = PBXBuildFile; fileRef = CFD07B6B23F29F390036A7A5 /* RecordContentImageTableViewCell.swift */; };
		CFD07B6F23F2B5F80036A7A5 /* RecordContentCompositionTableViewCell.swift in Sources */ = {isa = PBXBuildFile; fileRef = CFD07B6E23F2B5F80036A7A5 /* RecordContentCompositionTableViewCell.swift */; };
		CFD07B7123F2BDE00036A7A5 /* RecordContentAgreeTableViewCell.swift in Sources */ = {isa = PBXBuildFile; fileRef = CFD07B7023F2BDE00036A7A5 /* RecordContentAgreeTableViewCell.swift */; };
		CFDC910723EC02C900A45F23 /* ResponseProvider.swift in Sources */ = {isa = PBXBuildFile; fileRef = CFDC910623EC02C900A45F23 /* ResponseProvider.swift */; };
		CFE3C1C423E27A48008FF2A9 /* GoogleService-Info.plist in Resources */ = {isa = PBXBuildFile; fileRef = CFE3C1C323E27A48008FF2A9 /* GoogleService-Info.plist */; };
/* End PBXBuildFile section */

/* Begin PBXFileReference section */
		12CDAFD780F72C595F6E64DB /* Pods-Tastopia.release.xcconfig */ = {isa = PBXFileReference; includeInIndex = 1; lastKnownFileType = text.xcconfig; name = "Pods-Tastopia.release.xcconfig"; path = "Target Support Files/Pods-Tastopia/Pods-Tastopia.release.xcconfig"; sourceTree = "<group>"; };
		31DE31CE88A1929DBD1B2F9D /* Pods-Tastopia.debug.xcconfig */ = {isa = PBXFileReference; includeInIndex = 1; lastKnownFileType = text.xcconfig; name = "Pods-Tastopia.debug.xcconfig"; path = "Target Support Files/Pods-Tastopia/Pods-Tastopia.debug.xcconfig"; sourceTree = "<group>"; };
		3E3D56D83B99B87ABC986F7B /* Pods_Tastopia.framework */ = {isa = PBXFileReference; explicitFileType = wrapper.framework; includeInIndex = 0; path = Pods_Tastopia.framework; sourceTree = BUILT_PRODUCTS_DIR; };
		CF031D7423FE24030013B179 /* SelectImageViewController.swift */ = {isa = PBXFileReference; lastKnownFileType = sourcecode.swift; path = SelectImageViewController.swift; sourceTree = "<group>"; };
		CF031D7623FE319D0013B179 /* SelectImageCollectionViewCell.swift */ = {isa = PBXFileReference; lastKnownFileType = sourcecode.swift; path = SelectImageCollectionViewCell.swift; sourceTree = "<group>"; };
		CF031D7823FE67680013B179 /* SelectImageDisplayCollectionViewCell.swift */ = {isa = PBXFileReference; lastKnownFileType = sourcecode.swift; path = SelectImageDisplayCollectionViewCell.swift; sourceTree = "<group>"; };
		CF05175C23E412ED004EE1CB /* UIImage+Extension.swift */ = {isa = PBXFileReference; lastKnownFileType = sourcecode.swift; path = "UIImage+Extension.swift"; sourceTree = "<group>"; };
		CF05175E23E447DD004EE1CB /* UIView+Extension.swift */ = {isa = PBXFileReference; lastKnownFileType = sourcecode.swift; path = "UIView+Extension.swift"; sourceTree = "<group>"; };
		CF05176323E52833004EE1CB /* Tastopia.entitlements */ = {isa = PBXFileReference; lastKnownFileType = text.plist.entitlements; path = Tastopia.entitlements; sourceTree = "<group>"; };
		CF12235A23E26C90004A41B3 /* Tastopia.app */ = {isa = PBXFileReference; explicitFileType = wrapper.application; includeInIndex = 0; path = Tastopia.app; sourceTree = BUILT_PRODUCTS_DIR; };
		CF12235D23E26C91004A41B3 /* AppDelegate.swift */ = {isa = PBXFileReference; lastKnownFileType = sourcecode.swift; path = AppDelegate.swift; sourceTree = "<group>"; };
		CF12236123E26C91004A41B3 /* LoginViewController.swift */ = {isa = PBXFileReference; lastKnownFileType = sourcecode.swift; path = LoginViewController.swift; sourceTree = "<group>"; };
		CF12236423E26C91004A41B3 /* Base */ = {isa = PBXFileReference; lastKnownFileType = file.storyboard; name = Base; path = Base.lproj/Main.storyboard; sourceTree = "<group>"; };
		CF12236723E26C91004A41B3 /* Tastopia.xcdatamodel */ = {isa = PBXFileReference; lastKnownFileType = wrapper.xcdatamodel; path = Tastopia.xcdatamodel; sourceTree = "<group>"; };
		CF12236923E26C92004A41B3 /* Assets.xcassets */ = {isa = PBXFileReference; lastKnownFileType = folder.assetcatalog; path = Assets.xcassets; sourceTree = "<group>"; };
		CF12236C23E26C92004A41B3 /* Base */ = {isa = PBXFileReference; lastKnownFileType = file.storyboard; name = Base; path = Base.lproj/LaunchScreen.storyboard; sourceTree = "<group>"; };
		CF12236E23E26C92004A41B3 /* Info.plist */ = {isa = PBXFileReference; lastKnownFileType = text.plist.xml; path = Info.plist; sourceTree = "<group>"; };
		CF18DDB8240407140038E2A9 /* ProfileViewController.swift */ = {isa = PBXFileReference; lastKnownFileType = sourcecode.swift; path = ProfileViewController.swift; sourceTree = "<group>"; };
		CF2A949823E7CDA10056B532 /* TaskContentTableViewCell.swift */ = {isa = PBXFileReference; lastKnownFileType = sourcecode.swift; path = TaskContentTableViewCell.swift; sourceTree = "<group>"; };
		CF2A949A23E800C00056B532 /* ExecuteTaskViewController.swift */ = {isa = PBXFileReference; lastKnownFileType = sourcecode.swift; path = ExecuteTaskViewController.swift; sourceTree = "<group>"; };
		CF2A949C23E819E20056B532 /* ExecuteTaskPhotoCollectionViewCell.swift */ = {isa = PBXFileReference; lastKnownFileType = sourcecode.swift; path = ExecuteTaskPhotoCollectionViewCell.swift; sourceTree = "<group>"; };
		CF2A94A023E96A4A0056B532 /* TaskRecordViewController.swift */ = {isa = PBXFileReference; lastKnownFileType = sourcecode.swift; path = TaskRecordViewController.swift; sourceTree = "<group>"; };
		CF2A94A423E989CF0056B532 /* TaskRecordCollectionViewCell.swift */ = {isa = PBXFileReference; lastKnownFileType = sourcecode.swift; path = TaskRecordCollectionViewCell.swift; sourceTree = "<group>"; };
		CF2A94A623E98CF70056B532 /* WritingProvider.swift */ = {isa = PBXFileReference; lastKnownFileType = sourcecode.swift; path = WritingProvider.swift; sourceTree = "<group>"; };
		CF2A94A923E999E60056B532 /* KingFisherWrapper.swift */ = {isa = PBXFileReference; lastKnownFileType = sourcecode.swift; path = KingFisherWrapper.swift; sourceTree = "<group>"; };
		CF2A94AB23EA701B0056B532 /* RecordContentViewController.swift */ = {isa = PBXFileReference; lastKnownFileType = sourcecode.swift; path = RecordContentViewController.swift; sourceTree = "<group>"; };
		CF303EC02400AA9B005EE7E4 /* SwiftMessagesWrapper.swift */ = {isa = PBXFileReference; lastKnownFileType = sourcecode.swift; path = SwiftMessagesWrapper.swift; sourceTree = "<group>"; };
		CF303EC224016699005EE7E4 /* QuestionView.xib */ = {isa = PBXFileReference; lastKnownFileType = file.xib; path = QuestionView.xib; sourceTree = "<group>"; };
		CF303EC4240166FE005EE7E4 /* QuestionView.swift */ = {isa = PBXFileReference; lastKnownFileType = sourcecode.swift; path = QuestionView.swift; sourceTree = "<group>"; };
		CF394DAB23F91CDD003B9CEB /* JGProgressHUDWrapper.swift */ = {isa = PBXFileReference; lastKnownFileType = sourcecode.swift; path = JGProgressHUDWrapper.swift; sourceTree = "<group>"; };
		CF394DAD23F94012003B9CEB /* LaunchViewController.swift */ = {isa = PBXFileReference; lastKnownFileType = sourcecode.swift; path = LaunchViewController.swift; sourceTree = "<group>"; };
		CF4B522823F7E3250006B07B /* QRCodeViewController.swift */ = {isa = PBXFileReference; lastKnownFileType = sourcecode.swift; path = QRCodeViewController.swift; sourceTree = "<group>"; };
		CF4B522A23F7EEB50006B07B /* QRCodeScanViewController.swift */ = {isa = PBXFileReference; lastKnownFileType = sourcecode.swift; path = QRCodeScanViewController.swift; sourceTree = "<group>"; };
		CF4E189523EA985A00CA3A4A /* RecordContentCollectionViewCell.swift */ = {isa = PBXFileReference; lastKnownFileType = sourcecode.swift; path = RecordContentCollectionViewCell.swift; sourceTree = "<group>"; };
		CF50919A23E70E2200A77EB4 /* TaskContentViewController.swift */ = {isa = PBXFileReference; lastKnownFileType = sourcecode.swift; path = TaskContentViewController.swift; sourceTree = "<group>"; };
		CF524C7523ED13B400E2B63B /* RecordContentResponseTableViewCell.swift */ = {isa = PBXFileReference; lastKnownFileType = sourcecode.swift; path = RecordContentResponseTableViewCell.swift; sourceTree = "<group>"; };
		CF68D5D623FA7DE1005B03ED /* MapProvider.swift */ = {isa = PBXFileReference; lastKnownFileType = sourcecode.swift; path = MapProvider.swift; sourceTree = "<group>"; };
		CF68D5DE23FCBC63005B03ED /* NotoSansTC-Black.otf */ = {isa = PBXFileReference; lastKnownFileType = file; path = "NotoSansTC-Black.otf"; sourceTree = "<group>"; };
		CF68D5DF23FCBC63005B03ED /* NotoSansTC-Thin.otf */ = {isa = PBXFileReference; lastKnownFileType = file; path = "NotoSansTC-Thin.otf"; sourceTree = "<group>"; };
		CF68D5E023FCBC64005B03ED /* NotoSansTC-Light.otf */ = {isa = PBXFileReference; lastKnownFileType = file; path = "NotoSansTC-Light.otf"; sourceTree = "<group>"; };
		CF68D5E123FCBC64005B03ED /* NotoSansTC-Medium.otf */ = {isa = PBXFileReference; lastKnownFileType = file; path = "NotoSansTC-Medium.otf"; sourceTree = "<group>"; };
		CF68D5E223FCBC64005B03ED /* NotoSansTC-Regular.otf */ = {isa = PBXFileReference; lastKnownFileType = file; path = "NotoSansTC-Regular.otf"; sourceTree = "<group>"; };
		CF68D5E323FCBC65005B03ED /* NotoSansTC-Bold.otf */ = {isa = PBXFileReference; lastKnownFileType = file; path = "NotoSansTC-Bold.otf"; sourceTree = "<group>"; };
		CF78268023E57D4800B70ED4 /* FirestoreManager.swift */ = {isa = PBXFileReference; lastKnownFileType = sourcecode.swift; path = FirestoreManager.swift; sourceTree = "<group>"; };
		CF78268223E65E4800B70ED4 /* RestaurantProvider.swift */ = {isa = PBXFileReference; lastKnownFileType = sourcecode.swift; path = RestaurantProvider.swift; sourceTree = "<group>"; };
		CF78268623E675CD00B70ED4 /* UserProvider.swift */ = {isa = PBXFileReference; lastKnownFileType = sourcecode.swift; path = UserProvider.swift; sourceTree = "<group>"; };
		CF7E978F23E2B9DA00BD38B7 /* UIColor+Extension.swift */ = {isa = PBXFileReference; lastKnownFileType = sourcecode.swift; path = "UIColor+Extension.swift"; sourceTree = "<group>"; };
		CF7E979123E2CF4D00BD38B7 /* HomeViewController.swift */ = {isa = PBXFileReference; lastKnownFileType = sourcecode.swift; path = HomeViewController.swift; sourceTree = "<group>"; };
		CFA113E723FD693400EBE412 /* google-map-style.json */ = {isa = PBXFileReference; fileEncoding = 4; lastKnownFileType = text.json; path = "google-map-style.json"; sourceTree = "<group>"; };
		CFAA5EF223F00BA5004D960B /* TaskContentTitleTableViewCell.swift */ = {isa = PBXFileReference; lastKnownFileType = sourcecode.swift; path = TaskContentTitleTableViewCell.swift; sourceTree = "<group>"; };
		CFD07B6323F2714F0036A7A5 /* CALayer+Extension.swift */ = {isa = PBXFileReference; lastKnownFileType = sourcecode.swift; path = "CALayer+Extension.swift"; sourceTree = "<group>"; };
		CFD07B6923F29F160036A7A5 /* RecordContentTopTableViewCell.swift */ = {isa = PBXFileReference; lastKnownFileType = sourcecode.swift; path = RecordContentTopTableViewCell.swift; sourceTree = "<group>"; };
		CFD07B6B23F29F390036A7A5 /* RecordContentImageTableViewCell.swift */ = {isa = PBXFileReference; lastKnownFileType = sourcecode.swift; path = RecordContentImageTableViewCell.swift; sourceTree = "<group>"; };
		CFD07B6E23F2B5F80036A7A5 /* RecordContentCompositionTableViewCell.swift */ = {isa = PBXFileReference; lastKnownFileType = sourcecode.swift; path = RecordContentCompositionTableViewCell.swift; sourceTree = "<group>"; };
		CFD07B7023F2BDE00036A7A5 /* RecordContentAgreeTableViewCell.swift */ = {isa = PBXFileReference; lastKnownFileType = sourcecode.swift; path = RecordContentAgreeTableViewCell.swift; sourceTree = "<group>"; };
		CFDC910623EC02C900A45F23 /* ResponseProvider.swift */ = {isa = PBXFileReference; lastKnownFileType = sourcecode.swift; path = ResponseProvider.swift; sourceTree = "<group>"; };
		CFE3C1C323E27A48008FF2A9 /* GoogleService-Info.plist */ = {isa = PBXFileReference; fileEncoding = 4; lastKnownFileType = text.plist.xml; path = "GoogleService-Info.plist"; sourceTree = "<group>"; };
		CFF6435323E3F6E9003CD246 /* NotoSerifTC-Regular.otf */ = {isa = PBXFileReference; lastKnownFileType = file; path = "NotoSerifTC-Regular.otf"; sourceTree = "<group>"; };
		CFF6435423E3F6EA003CD246 /* NotoSerifTC-Medium.otf */ = {isa = PBXFileReference; lastKnownFileType = file; path = "NotoSerifTC-Medium.otf"; sourceTree = "<group>"; };
		CFF6435523E3F6EA003CD246 /* NotoSerifTC-SemiBold.otf */ = {isa = PBXFileReference; lastKnownFileType = file; path = "NotoSerifTC-SemiBold.otf"; sourceTree = "<group>"; };
		CFF6435623E3F6EA003CD246 /* NotoSerifTC-Light.otf */ = {isa = PBXFileReference; lastKnownFileType = file; path = "NotoSerifTC-Light.otf"; sourceTree = "<group>"; };
		CFF6435723E3F6EB003CD246 /* NotoSerifTC-Black.otf */ = {isa = PBXFileReference; lastKnownFileType = file; path = "NotoSerifTC-Black.otf"; sourceTree = "<group>"; };
		CFF6435823E3F6EB003CD246 /* NotoSerifTC-ExtraLight.otf */ = {isa = PBXFileReference; lastKnownFileType = file; path = "NotoSerifTC-ExtraLight.otf"; sourceTree = "<group>"; };
		CFF6435923E3F6EB003CD246 /* NotoSerifTC-Bold.otf */ = {isa = PBXFileReference; lastKnownFileType = file; path = "NotoSerifTC-Bold.otf"; sourceTree = "<group>"; };
/* End PBXFileReference section */

/* Begin PBXFrameworksBuildPhase section */
		CF12235723E26C90004A41B3 /* Frameworks */ = {
			isa = PBXFrameworksBuildPhase;
			buildActionMask = 2147483647;
			files = (
				85987D451463EC32FB196703 /* Pods_Tastopia.framework in Frameworks */,
			);
			runOnlyForDeploymentPostprocessing = 0;
		};
/* End PBXFrameworksBuildPhase section */

/* Begin PBXGroup section */
		34C6634F7A9F7792B628DFCD /* Frameworks */ = {
			isa = PBXGroup;
			children = (
				3E3D56D83B99B87ABC986F7B /* Pods_Tastopia.framework */,
			);
			name = Frameworks;
			sourceTree = "<group>";
		};
		B1AFB2D369C65B6D124A83C9 /* Pods */ = {
			isa = PBXGroup;
			children = (
				31DE31CE88A1929DBD1B2F9D /* Pods-Tastopia.debug.xcconfig */,
				12CDAFD780F72C595F6E64DB /* Pods-Tastopia.release.xcconfig */,
			);
			path = Pods;
			sourceTree = "<group>";
		};
		CF05175A23E40E0F004EE1CB /* Extension */ = {
			isa = PBXGroup;
			children = (
				CF7E978F23E2B9DA00BD38B7 /* UIColor+Extension.swift */,
				CF05175C23E412ED004EE1CB /* UIImage+Extension.swift */,
				CF05175E23E447DD004EE1CB /* UIView+Extension.swift */,
				CFD07B6323F2714F0036A7A5 /* CALayer+Extension.swift */,
			);
			path = Extension;
			sourceTree = "<group>";
		};
		CF05175B23E40E30004EE1CB /* Controller */ = {
			isa = PBXGroup;
			children = (
				CF394DAD23F94012003B9CEB /* LaunchViewController.swift */,
				CF12236123E26C91004A41B3 /* LoginViewController.swift */,
				CF7E979123E2CF4D00BD38B7 /* HomeViewController.swift */,
				CF50919A23E70E2200A77EB4 /* TaskContentViewController.swift */,
				CF2A949A23E800C00056B532 /* ExecuteTaskViewController.swift */,
				CF2A94A023E96A4A0056B532 /* TaskRecordViewController.swift */,
				CF2A94AB23EA701B0056B532 /* RecordContentViewController.swift */,
				CF4B522823F7E3250006B07B /* QRCodeViewController.swift */,
				CF4B522A23F7EEB50006B07B /* QRCodeScanViewController.swift */,
				CF031D7423FE24030013B179 /* SelectImageViewController.swift */,
				CF18DDB8240407140038E2A9 /* ProfileViewController.swift */,
			);
			path = Controller;
			sourceTree = "<group>";
		};
		CF05176023E44827004EE1CB /* View */ = {
			isa = PBXGroup;
			children = (
				CF12236323E26C91004A41B3 /* Main.storyboard */,
				CF12236B23E26C92004A41B3 /* LaunchScreen.storyboard */,
				CF4B522523F7DE140006B07B /* Task Content */,
				CF2A949C23E819E20056B532 /* ExecuteTaskPhotoCollectionViewCell.swift */,
				CF2A94A423E989CF0056B532 /* TaskRecordCollectionViewCell.swift */,
				CFD07B6D23F2B5D30036A7A5 /* Record Content */,
				CF031D7623FE319D0013B179 /* SelectImageCollectionViewCell.swift */,
				CF031D7823FE67680013B179 /* SelectImageDisplayCollectionViewCell.swift */,
				CF303EC224016699005EE7E4 /* QuestionView.xib */,
				CF303EC4240166FE005EE7E4 /* QuestionView.swift */,
			);
			path = View;
			sourceTree = "<group>";
		};
		CF05176123E50440004EE1CB /* Model */ = {
			isa = PBXGroup;
			children = (
				CF12236923E26C92004A41B3 /* Assets.xcassets */,
				CF12236623E26C91004A41B3 /* Tastopia.xcdatamodeld */,
				CF78268023E57D4800B70ED4 /* FirestoreManager.swift */,
				CF78268223E65E4800B70ED4 /* RestaurantProvider.swift */,
				CF78268623E675CD00B70ED4 /* UserProvider.swift */,
				CF2A94A623E98CF70056B532 /* WritingProvider.swift */,
				CFDC910623EC02C900A45F23 /* ResponseProvider.swift */,
				CF68D5D623FA7DE1005B03ED /* MapProvider.swift */,
			);
			path = Model;
			sourceTree = "<group>";
		};
		CF05176223E504B6004EE1CB /* Resource */ = {
			isa = PBXGroup;
			children = (
				CFA113E723FD693400EBE412 /* google-map-style.json */,
				CFF6435223E3F6BD003CD246 /* Fonts */,
			);
			path = Resource;
			sourceTree = "<group>";
		};
		CF12235123E26C90004A41B3 = {
			isa = PBXGroup;
			children = (
				CF12235C23E26C90004A41B3 /* Tastopia */,
				CF12235B23E26C90004A41B3 /* Products */,
				34C6634F7A9F7792B628DFCD /* Frameworks */,
				B1AFB2D369C65B6D124A83C9 /* Pods */,
			);
			sourceTree = "<group>";
		};
		CF12235B23E26C90004A41B3 /* Products */ = {
			isa = PBXGroup;
			children = (
				CF12235A23E26C90004A41B3 /* Tastopia.app */,
			);
			name = Products;
			sourceTree = "<group>";
		};
		CF12235C23E26C90004A41B3 /* Tastopia */ = {
			isa = PBXGroup;
			children = (
				CF2A94A823E999BF0056B532 /* Third Party Wrapper */,
				CF05176223E504B6004EE1CB /* Resource */,
				CF05175A23E40E0F004EE1CB /* Extension */,
				CF05176123E50440004EE1CB /* Model */,
				CF05175B23E40E30004EE1CB /* Controller */,
				CF05176023E44827004EE1CB /* View */,
				CF12235D23E26C91004A41B3 /* AppDelegate.swift */,
				CF12236E23E26C92004A41B3 /* Info.plist */,
				CFE3C1C323E27A48008FF2A9 /* GoogleService-Info.plist */,
				CF05176323E52833004EE1CB /* Tastopia.entitlements */,
			);
			path = Tastopia;
			sourceTree = "<group>";
		};
		CF2A94A823E999BF0056B532 /* Third Party Wrapper */ = {
			isa = PBXGroup;
			children = (
				CF2A94A923E999E60056B532 /* KingFisherWrapper.swift */,
				CF394DAB23F91CDD003B9CEB /* JGProgressHUDWrapper.swift */,
				CF303EC02400AA9B005EE7E4 /* SwiftMessagesWrapper.swift */,
			);
			path = "Third Party Wrapper";
			sourceTree = "<group>";
		};
		CF4B522523F7DE140006B07B /* Task Content */ = {
			isa = PBXGroup;
			children = (
				CFAA5EF223F00BA5004D960B /* TaskContentTitleTableViewCell.swift */,
				CF2A949823E7CDA10056B532 /* TaskContentTableViewCell.swift */,
			);
			path = "Task Content";
			sourceTree = "<group>";
		};
		CFD07B6D23F2B5D30036A7A5 /* Record Content */ = {
			isa = PBXGroup;
			children = (
				CFD07B6923F29F160036A7A5 /* RecordContentTopTableViewCell.swift */,
				CFD07B6B23F29F390036A7A5 /* RecordContentImageTableViewCell.swift */,
				CF4E189523EA985A00CA3A4A /* RecordContentCollectionViewCell.swift */,
				CFD07B6E23F2B5F80036A7A5 /* RecordContentCompositionTableViewCell.swift */,
				CFD07B7023F2BDE00036A7A5 /* RecordContentAgreeTableViewCell.swift */,
				CF524C7523ED13B400E2B63B /* RecordContentResponseTableViewCell.swift */,
			);
			path = "Record Content";
			sourceTree = "<group>";
		};
		CFF6435223E3F6BD003CD246 /* Fonts */ = {
			isa = PBXGroup;
			children = (
				CFF6435823E3F6EB003CD246 /* NotoSerifTC-ExtraLight.otf */,
				CFF6435623E3F6EA003CD246 /* NotoSerifTC-Light.otf */,
				CFF6435323E3F6E9003CD246 /* NotoSerifTC-Regular.otf */,
				CFF6435423E3F6EA003CD246 /* NotoSerifTC-Medium.otf */,
				CFF6435523E3F6EA003CD246 /* NotoSerifTC-SemiBold.otf */,
				CFF6435923E3F6EB003CD246 /* NotoSerifTC-Bold.otf */,
				CFF6435723E3F6EB003CD246 /* NotoSerifTC-Black.otf */,
				CF68D5DE23FCBC63005B03ED /* NotoSansTC-Black.otf */,
				CF68D5E323FCBC65005B03ED /* NotoSansTC-Bold.otf */,
				CF68D5E023FCBC64005B03ED /* NotoSansTC-Light.otf */,
				CF68D5E123FCBC64005B03ED /* NotoSansTC-Medium.otf */,
				CF68D5E223FCBC64005B03ED /* NotoSansTC-Regular.otf */,
				CF68D5DF23FCBC63005B03ED /* NotoSansTC-Thin.otf */,
			);
			path = Fonts;
			sourceTree = "<group>";
		};
/* End PBXGroup section */

/* Begin PBXNativeTarget section */
		CF12235923E26C90004A41B3 /* Tastopia */ = {
			isa = PBXNativeTarget;
			buildConfigurationList = CF12237123E26C92004A41B3 /* Build configuration list for PBXNativeTarget "Tastopia" */;
			buildPhases = (
				A9EFDA767741985AD0B7D086 /* [CP] Check Pods Manifest.lock */,
				CF12235623E26C90004A41B3 /* Sources */,
				CF12235723E26C90004A41B3 /* Frameworks */,
				CF12235823E26C90004A41B3 /* Resources */,
				F9B9F171711603314EAC4EC5 /* [CP] Embed Pods Frameworks */,
				8B34B303FB227F0201579F21 /* [CP] Copy Pods Resources */,
				CF12237423E27801004A41B3 /* SwiftLint */,
			);
			buildRules = (
			);
			dependencies = (
			);
			name = Tastopia;
			productName = Tastopia;
			productReference = CF12235A23E26C90004A41B3 /* Tastopia.app */;
			productType = "com.apple.product-type.application";
		};
/* End PBXNativeTarget section */

/* Begin PBXProject section */
		CF12235223E26C90004A41B3 /* Project object */ = {
			isa = PBXProject;
			attributes = {
				LastSwiftUpdateCheck = 1130;
				LastUpgradeCheck = 1130;
				ORGANIZATIONNAME = FISH;
				TargetAttributes = {
					CF12235923E26C90004A41B3 = {
						CreatedOnToolsVersion = 11.3;
					};
				};
			};
			buildConfigurationList = CF12235523E26C90004A41B3 /* Build configuration list for PBXProject "Tastopia" */;
			compatibilityVersion = "Xcode 9.3";
			developmentRegion = en;
			hasScannedForEncodings = 0;
			knownRegions = (
				en,
				Base,
			);
			mainGroup = CF12235123E26C90004A41B3;
			productRefGroup = CF12235B23E26C90004A41B3 /* Products */;
			projectDirPath = "";
			projectRoot = "";
			targets = (
				CF12235923E26C90004A41B3 /* Tastopia */,
			);
		};
/* End PBXProject section */

/* Begin PBXResourcesBuildPhase section */
		CF12235823E26C90004A41B3 /* Resources */ = {
			isa = PBXResourcesBuildPhase;
			buildActionMask = 2147483647;
			files = (
				CF68D5E823FCBC65005B03ED /* NotoSansTC-Regular.otf in Resources */,
				CF12236D23E26C92004A41B3 /* LaunchScreen.storyboard in Resources */,
				CF05176923E578A7004EE1CB /* NotoSerifTC-Bold.otf in Resources */,
				CFE3C1C423E27A48008FF2A9 /* GoogleService-Info.plist in Resources */,
				CF303EC324016699005EE7E4 /* QuestionView.xib in Resources */,
				CF05176423E57884004EE1CB /* NotoSerifTC-ExtraLight.otf in Resources */,
				CF05176723E578A1004EE1CB /* NotoSerifTC-Medium.otf in Resources */,
				CF05176523E57888004EE1CB /* NotoSerifTC-Light.otf in Resources */,
				CF68D5E723FCBC65005B03ED /* NotoSansTC-Medium.otf in Resources */,
				CF12236A23E26C92004A41B3 /* Assets.xcassets in Resources */,
				CF05176823E578A5004EE1CB /* NotoSerifTC-SemiBold.otf in Resources */,
				CF68D5E923FCBC65005B03ED /* NotoSansTC-Bold.otf in Resources */,
				CF68D5E523FCBC65005B03ED /* NotoSansTC-Thin.otf in Resources */,
				CF05176A23E578AB004EE1CB /* NotoSerifTC-Black.otf in Resources */,
				CFA113E823FD693400EBE412 /* google-map-style.json in Resources */,
				CF68D5E423FCBC65005B03ED /* NotoSansTC-Black.otf in Resources */,
				CF05176623E5789E004EE1CB /* NotoSerifTC-Regular.otf in Resources */,
				CF12236523E26C91004A41B3 /* Main.storyboard in Resources */,
				CF68D5E623FCBC65005B03ED /* NotoSansTC-Light.otf in Resources */,
			);
			runOnlyForDeploymentPostprocessing = 0;
		};
/* End PBXResourcesBuildPhase section */

/* Begin PBXShellScriptBuildPhase section */
		8B34B303FB227F0201579F21 /* [CP] Copy Pods Resources */ = {
			isa = PBXShellScriptBuildPhase;
			buildActionMask = 2147483647;
			files = (
			);
			inputFileListPaths = (
				"${PODS_ROOT}/Target Support Files/Pods-Tastopia/Pods-Tastopia-resources-${CONFIGURATION}-input-files.xcfilelist",
			);
			name = "[CP] Copy Pods Resources";
			outputFileListPaths = (
				"${PODS_ROOT}/Target Support Files/Pods-Tastopia/Pods-Tastopia-resources-${CONFIGURATION}-output-files.xcfilelist",
			);
			runOnlyForDeploymentPostprocessing = 0;
			shellPath = /bin/sh;
			shellScript = "\"${PODS_ROOT}/Target Support Files/Pods-Tastopia/Pods-Tastopia-resources.sh\"\n";
			showEnvVarsInLog = 0;
		};
		A9EFDA767741985AD0B7D086 /* [CP] Check Pods Manifest.lock */ = {
			isa = PBXShellScriptBuildPhase;
			buildActionMask = 2147483647;
			files = (
			);
			inputFileListPaths = (
			);
			inputPaths = (
				"${PODS_PODFILE_DIR_PATH}/Podfile.lock",
				"${PODS_ROOT}/Manifest.lock",
			);
			name = "[CP] Check Pods Manifest.lock";
			outputFileListPaths = (
			);
			outputPaths = (
				"$(DERIVED_FILE_DIR)/Pods-Tastopia-checkManifestLockResult.txt",
			);
			runOnlyForDeploymentPostprocessing = 0;
			shellPath = /bin/sh;
			shellScript = "diff \"${PODS_PODFILE_DIR_PATH}/Podfile.lock\" \"${PODS_ROOT}/Manifest.lock\" > /dev/null\nif [ $? != 0 ] ; then\n    # print error to STDERR\n    echo \"error: The sandbox is not in sync with the Podfile.lock. Run 'pod install' or update your CocoaPods installation.\" >&2\n    exit 1\nfi\n# This output is used by Xcode 'outputs' to avoid re-running this script phase.\necho \"SUCCESS\" > \"${SCRIPT_OUTPUT_FILE_0}\"\n";
			showEnvVarsInLog = 0;
		};
		CF12237423E27801004A41B3 /* SwiftLint */ = {
			isa = PBXShellScriptBuildPhase;
			buildActionMask = 2147483647;
			files = (
			);
			inputFileListPaths = (
			);
			inputPaths = (
			);
			name = SwiftLint;
			outputFileListPaths = (
			);
			outputPaths = (
			);
			runOnlyForDeploymentPostprocessing = 0;
			shellPath = /bin/sh;
			shellScript = "\"${PODS_ROOT}/SwiftLint/swiftlint\"\n";
		};
		F9B9F171711603314EAC4EC5 /* [CP] Embed Pods Frameworks */ = {
			isa = PBXShellScriptBuildPhase;
			buildActionMask = 2147483647;
			files = (
			);
			inputFileListPaths = (
				"${PODS_ROOT}/Target Support Files/Pods-Tastopia/Pods-Tastopia-frameworks-${CONFIGURATION}-input-files.xcfilelist",
			);
			name = "[CP] Embed Pods Frameworks";
			outputFileListPaths = (
				"${PODS_ROOT}/Target Support Files/Pods-Tastopia/Pods-Tastopia-frameworks-${CONFIGURATION}-output-files.xcfilelist",
			);
			runOnlyForDeploymentPostprocessing = 0;
			shellPath = /bin/sh;
			shellScript = "\"${PODS_ROOT}/Target Support Files/Pods-Tastopia/Pods-Tastopia-frameworks.sh\"\n";
			showEnvVarsInLog = 0;
		};
/* End PBXShellScriptBuildPhase section */

/* Begin PBXSourcesBuildPhase section */
		CF12235623E26C90004A41B3 /* Sources */ = {
			isa = PBXSourcesBuildPhase;
			buildActionMask = 2147483647;
			files = (
				CFAA5EF323F00BA5004D960B /* TaskContentTitleTableViewCell.swift in Sources */,
				CF394DAE23F94012003B9CEB /* LaunchViewController.swift in Sources */,
				CFD07B6F23F2B5F80036A7A5 /* RecordContentCompositionTableViewCell.swift in Sources */,
				CF394DAC23F91CDD003B9CEB /* JGProgressHUDWrapper.swift in Sources */,
				CF2A94A723E98CF70056B532 /* WritingProvider.swift in Sources */,
				CF4E189623EA985A00CA3A4A /* RecordContentCollectionViewCell.swift in Sources */,
				CF7E979223E2CF4D00BD38B7 /* HomeViewController.swift in Sources */,
				CF303EC12400AA9B005EE7E4 /* SwiftMessagesWrapper.swift in Sources */,
				CF78268323E65E4800B70ED4 /* RestaurantProvider.swift in Sources */,
				CFD07B6A23F29F160036A7A5 /* RecordContentTopTableViewCell.swift in Sources */,
				CF68D5D723FA7DE1005B03ED /* MapProvider.swift in Sources */,
				CF031D7923FE67680013B179 /* SelectImageDisplayCollectionViewCell.swift in Sources */,
				CF2A94AA23E999E60056B532 /* KingFisherWrapper.swift in Sources */,
				CF50919B23E70E2200A77EB4 /* TaskContentViewController.swift in Sources */,
				CF05175F23E447DD004EE1CB /* UIView+Extension.swift in Sources */,
				CF12236223E26C91004A41B3 /* LoginViewController.swift in Sources */,
				CF12235E23E26C91004A41B3 /* AppDelegate.swift in Sources */,
				CF2A949923E7CDA10056B532 /* TaskContentTableViewCell.swift in Sources */,
				CF303EC5240166FE005EE7E4 /* QuestionView.swift in Sources */,
				CF2A94AC23EA701B0056B532 /* RecordContentViewController.swift in Sources */,
				CF2A949B23E800C00056B532 /* ExecuteTaskViewController.swift in Sources */,
				CF05175D23E412ED004EE1CB /* UIImage+Extension.swift in Sources */,
				CF12236823E26C91004A41B3 /* Tastopia.xcdatamodeld in Sources */,
				CF2A94A123E96A4A0056B532 /* TaskRecordViewController.swift in Sources */,
				CF4B522923F7E3250006B07B /* QRCodeViewController.swift in Sources */,
				CF2A949D23E819E20056B532 /* ExecuteTaskPhotoCollectionViewCell.swift in Sources */,
				CF7E979023E2B9DA00BD38B7 /* UIColor+Extension.swift in Sources */,
				CF78268123E57D4800B70ED4 /* FirestoreManager.swift in Sources */,
				CFDC910723EC02C900A45F23 /* ResponseProvider.swift in Sources */,
				CF2A94A523E989CF0056B532 /* TaskRecordCollectionViewCell.swift in Sources */,
				CF031D7723FE319D0013B179 /* SelectImageCollectionViewCell.swift in Sources */,
				CFD07B6C23F29F390036A7A5 /* RecordContentImageTableViewCell.swift in Sources */,
				CF4B522B23F7EEB50006B07B /* QRCodeScanViewController.swift in Sources */,
				CF524C7623ED13B400E2B63B /* RecordContentResponseTableViewCell.swift in Sources */,
				CF031D7523FE24030013B179 /* SelectImageViewController.swift in Sources */,
				CFD07B7123F2BDE00036A7A5 /* RecordContentAgreeTableViewCell.swift in Sources */,
				CF18DDB9240407140038E2A9 /* ProfileViewController.swift in Sources */,
				CF78268723E675CD00B70ED4 /* UserProvider.swift in Sources */,
				CFD07B6423F271500036A7A5 /* CALayer+Extension.swift in Sources */,
			);
			runOnlyForDeploymentPostprocessing = 0;
		};
/* End PBXSourcesBuildPhase section */

/* Begin PBXVariantGroup section */
		CF12236323E26C91004A41B3 /* Main.storyboard */ = {
			isa = PBXVariantGroup;
			children = (
				CF12236423E26C91004A41B3 /* Base */,
			);
			name = Main.storyboard;
			sourceTree = "<group>";
		};
		CF12236B23E26C92004A41B3 /* LaunchScreen.storyboard */ = {
			isa = PBXVariantGroup;
			children = (
				CF12236C23E26C92004A41B3 /* Base */,
			);
			name = LaunchScreen.storyboard;
			sourceTree = "<group>";
		};
/* End PBXVariantGroup section */

/* Begin XCBuildConfiguration section */
		CF12236F23E26C92004A41B3 /* Debug */ = {
			isa = XCBuildConfiguration;
			buildSettings = {
				ALWAYS_SEARCH_USER_PATHS = NO;
				CLANG_ANALYZER_NONNULL = YES;
				CLANG_ANALYZER_NUMBER_OBJECT_CONVERSION = YES_AGGRESSIVE;
				CLANG_CXX_LANGUAGE_STANDARD = "gnu++14";
				CLANG_CXX_LIBRARY = "libc++";
				CLANG_ENABLE_MODULES = YES;
				CLANG_ENABLE_OBJC_ARC = YES;
				CLANG_ENABLE_OBJC_WEAK = YES;
				CLANG_WARN_BLOCK_CAPTURE_AUTORELEASING = YES;
				CLANG_WARN_BOOL_CONVERSION = YES;
				CLANG_WARN_COMMA = YES;
				CLANG_WARN_CONSTANT_CONVERSION = YES;
				CLANG_WARN_DEPRECATED_OBJC_IMPLEMENTATIONS = YES;
				CLANG_WARN_DIRECT_OBJC_ISA_USAGE = YES_ERROR;
				CLANG_WARN_DOCUMENTATION_COMMENTS = YES;
				CLANG_WARN_EMPTY_BODY = YES;
				CLANG_WARN_ENUM_CONVERSION = YES;
				CLANG_WARN_INFINITE_RECURSION = YES;
				CLANG_WARN_INT_CONVERSION = YES;
				CLANG_WARN_NON_LITERAL_NULL_CONVERSION = YES;
				CLANG_WARN_OBJC_IMPLICIT_RETAIN_SELF = YES;
				CLANG_WARN_OBJC_LITERAL_CONVERSION = YES;
				CLANG_WARN_OBJC_ROOT_CLASS = YES_ERROR;
				CLANG_WARN_RANGE_LOOP_ANALYSIS = YES;
				CLANG_WARN_STRICT_PROTOTYPES = YES;
				CLANG_WARN_SUSPICIOUS_MOVE = YES;
				CLANG_WARN_UNGUARDED_AVAILABILITY = YES_AGGRESSIVE;
				CLANG_WARN_UNREACHABLE_CODE = YES;
				CLANG_WARN__DUPLICATE_METHOD_MATCH = YES;
				COPY_PHASE_STRIP = NO;
				DEBUG_INFORMATION_FORMAT = dwarf;
				ENABLE_STRICT_OBJC_MSGSEND = YES;
				ENABLE_TESTABILITY = YES;
				GCC_C_LANGUAGE_STANDARD = gnu11;
				GCC_DYNAMIC_NO_PIC = NO;
				GCC_NO_COMMON_BLOCKS = YES;
				GCC_OPTIMIZATION_LEVEL = 0;
				GCC_PREPROCESSOR_DEFINITIONS = (
					"DEBUG=1",
					"$(inherited)",
				);
				GCC_WARN_64_TO_32_BIT_CONVERSION = YES;
				GCC_WARN_ABOUT_RETURN_TYPE = YES_ERROR;
				GCC_WARN_UNDECLARED_SELECTOR = YES;
				GCC_WARN_UNINITIALIZED_AUTOS = YES_AGGRESSIVE;
				GCC_WARN_UNUSED_FUNCTION = YES;
				GCC_WARN_UNUSED_VARIABLE = YES;
				IPHONEOS_DEPLOYMENT_TARGET = 12.0;
				MTL_ENABLE_DEBUG_INFO = INCLUDE_SOURCE;
				MTL_FAST_MATH = YES;
				ONLY_ACTIVE_ARCH = YES;
				SDKROOT = iphoneos;
				SWIFT_ACTIVE_COMPILATION_CONDITIONS = DEBUG;
				SWIFT_OPTIMIZATION_LEVEL = "-Onone";
			};
			name = Debug;
		};
		CF12237023E26C92004A41B3 /* Release */ = {
			isa = XCBuildConfiguration;
			buildSettings = {
				ALWAYS_SEARCH_USER_PATHS = NO;
				CLANG_ANALYZER_NONNULL = YES;
				CLANG_ANALYZER_NUMBER_OBJECT_CONVERSION = YES_AGGRESSIVE;
				CLANG_CXX_LANGUAGE_STANDARD = "gnu++14";
				CLANG_CXX_LIBRARY = "libc++";
				CLANG_ENABLE_MODULES = YES;
				CLANG_ENABLE_OBJC_ARC = YES;
				CLANG_ENABLE_OBJC_WEAK = YES;
				CLANG_WARN_BLOCK_CAPTURE_AUTORELEASING = YES;
				CLANG_WARN_BOOL_CONVERSION = YES;
				CLANG_WARN_COMMA = YES;
				CLANG_WARN_CONSTANT_CONVERSION = YES;
				CLANG_WARN_DEPRECATED_OBJC_IMPLEMENTATIONS = YES;
				CLANG_WARN_DIRECT_OBJC_ISA_USAGE = YES_ERROR;
				CLANG_WARN_DOCUMENTATION_COMMENTS = YES;
				CLANG_WARN_EMPTY_BODY = YES;
				CLANG_WARN_ENUM_CONVERSION = YES;
				CLANG_WARN_INFINITE_RECURSION = YES;
				CLANG_WARN_INT_CONVERSION = YES;
				CLANG_WARN_NON_LITERAL_NULL_CONVERSION = YES;
				CLANG_WARN_OBJC_IMPLICIT_RETAIN_SELF = YES;
				CLANG_WARN_OBJC_LITERAL_CONVERSION = YES;
				CLANG_WARN_OBJC_ROOT_CLASS = YES_ERROR;
				CLANG_WARN_RANGE_LOOP_ANALYSIS = YES;
				CLANG_WARN_STRICT_PROTOTYPES = YES;
				CLANG_WARN_SUSPICIOUS_MOVE = YES;
				CLANG_WARN_UNGUARDED_AVAILABILITY = YES_AGGRESSIVE;
				CLANG_WARN_UNREACHABLE_CODE = YES;
				CLANG_WARN__DUPLICATE_METHOD_MATCH = YES;
				COPY_PHASE_STRIP = NO;
				DEBUG_INFORMATION_FORMAT = "dwarf-with-dsym";
				ENABLE_NS_ASSERTIONS = NO;
				ENABLE_STRICT_OBJC_MSGSEND = YES;
				GCC_C_LANGUAGE_STANDARD = gnu11;
				GCC_NO_COMMON_BLOCKS = YES;
				GCC_WARN_64_TO_32_BIT_CONVERSION = YES;
				GCC_WARN_ABOUT_RETURN_TYPE = YES_ERROR;
				GCC_WARN_UNDECLARED_SELECTOR = YES;
				GCC_WARN_UNINITIALIZED_AUTOS = YES_AGGRESSIVE;
				GCC_WARN_UNUSED_FUNCTION = YES;
				GCC_WARN_UNUSED_VARIABLE = YES;
				IPHONEOS_DEPLOYMENT_TARGET = 12.0;
				MTL_ENABLE_DEBUG_INFO = NO;
				MTL_FAST_MATH = YES;
				SDKROOT = iphoneos;
				SWIFT_COMPILATION_MODE = wholemodule;
				SWIFT_OPTIMIZATION_LEVEL = "-O";
				VALIDATE_PRODUCT = YES;
			};
			name = Release;
		};
		CF12237223E26C92004A41B3 /* Debug */ = {
			isa = XCBuildConfiguration;
			baseConfigurationReference = 31DE31CE88A1929DBD1B2F9D /* Pods-Tastopia.debug.xcconfig */;
			buildSettings = {
				ASSETCATALOG_COMPILER_APPICON_NAME = AppIcon;
				CODE_SIGN_ENTITLEMENTS = Tastopia/Tastopia.entitlements;
				CODE_SIGN_STYLE = Automatic;
				CURRENT_PROJECT_VERSION = 2;
				DEVELOPMENT_TEAM = RA386DSWA5;
				INFOPLIST_FILE = Tastopia/Info.plist;
				LD_RUNPATH_SEARCH_PATHS = (
					"$(inherited)",
					"@executable_path/Frameworks",
				);
				OTHER_LDFLAGS = (
					"$(inherited)",
					"-ObjC",
					"-l\"c++\"",
					"-l\"sqlite3\"",
					"-l\"z\"",
					"-framework",
					"\"Accelerate\"",
					"-framework",
					"\"AppAuth\"",
					"-framework",
					"\"CFNetwork\"",
					"-framework",
					"\"CoreData\"",
					"-framework",
					"\"CoreGraphics\"",
					"-framework",
					"\"CoreImage\"",
					"-framework",
					"\"CoreLocation\"",
					"-framework",
					"\"CoreTelephony\"",
					"-framework",
					"\"CoreText\"",
					"-framework",
					"\"FBSDKCoreKit\"",
					"-framework",
					"\"FBSDKLoginKit\"",
					"-framework",
					"\"FIRAnalyticsConnector\"",
					"-framework",
					"\"FacebookCore\"",
					"-framework",
					"\"FacebookLogin\"",
					"-framework",
					"\"FirebaseAnalytics\"",
					"-framework",
					"\"FirebaseAuth\"",
					"-framework",
					"\"FirebaseCore\"",
					"-framework",
					"\"FirebaseCoreDiagnostics\"",
					"-framework",
					"\"FirebaseFirestore\"",
					"-framework",
					"\"FirebaseFirestoreSwift\"",
					"-framework",
					"\"FirebaseInstanceID\"",
					"-framework",
					"\"FirebaseStorage\"",
					"-framework",
					"\"Foundation\"",
					"-framework",
					"\"GLKit\"",
					"-framework",
					"\"GTMAppAuth\"",
					"-framework",
					"\"GTMSessionFetcher\"",
					"-framework",
					"\"GoogleAppMeasurement\"",
					"-framework",
					"\"GoogleDataTransport\"",
					"-framework",
					"\"GoogleDataTransportCCTSupport\"",
					"-framework",
					"\"GoogleMaps\"",
					"-framework",
					"\"GoogleMapsBase\"",
					"-framework",
					"\"GoogleMapsCore\"",
					"-framework",
					"\"GooglePlaces\"",
					"-framework",
					"\"GoogleSignIn\"",
					"-framework",
					"\"GoogleUtilities\"",
					"-framework",
					"\"IQKeyboardManagerSwift\"",
					"-framework",
					"\"ImageIO\"",
					"-framework",
					"\"JGProgressHUD\"",
					"-framework",
					"\"Kingfisher\"",
					"-framework",
					"\"LocalAuthentication\"",
					"-framework",
					"\"MobileCoreServices\"",
					"-framework",
					"\"OpenGLES\"",
					"-framework",
					"\"QuartzCore\"",
					"-framework",
					"\"SafariServices\"",
					"-framework",
					"\"Security\"",
					"-framework",
					"\"StoreKit\"",
					"-framework",
					"\"SystemConfiguration\"",
					"-framework",
					"\"UIKit\"",
					"-framework",
					"\"absl\"",
					"-framework",
					"\"grpc\"",
					"-framework",
					"\"grpcpp\"",
					"-framework",
					"\"leveldb\"",
					"-framework",
					"\"nanopb\"",
					"-framework",
					"\"openssl_grpc\"",
					"-weak_framework",
					"\"Accelerate\"",
					"-weak_framework",
					"\"Accounts\"",
					"-weak_framework",
					"\"AudioToolbox\"",
					"-weak_framework",
					"\"AuthenticationServices\"",
					"-weak_framework",
					"\"CoreGraphics\"",
					"-weak_framework",
					"\"CoreLocation\"",
					"-weak_framework",
					"\"Foundation\"",
					"-weak_framework",
					"\"QuartzCore\"",
					"-weak_framework",
					"\"Security\"",
					"-weak_framework",
					"\"Social\"",
					"-weak_framework",
					"\"UIKit\"",
					"-weak_framework",
					"\"CryptoKit\"",
				);
				PRODUCT_BUNDLE_IDENTIFIER = com.bacteriafish.Tastopia;
				PRODUCT_NAME = "$(TARGET_NAME)";
				SWIFT_VERSION = 5.0;
				TARGETED_DEVICE_FAMILY = 1;
			};
			name = Debug;
		};
		CF12237323E26C92004A41B3 /* Release */ = {
			isa = XCBuildConfiguration;
			baseConfigurationReference = 12CDAFD780F72C595F6E64DB /* Pods-Tastopia.release.xcconfig */;
			buildSettings = {
				ASSETCATALOG_COMPILER_APPICON_NAME = AppIcon;
				CODE_SIGN_ENTITLEMENTS = Tastopia/Tastopia.entitlements;
				CODE_SIGN_STYLE = Automatic;
				CURRENT_PROJECT_VERSION = 2;
				DEVELOPMENT_TEAM = RA386DSWA5;
				INFOPLIST_FILE = Tastopia/Info.plist;
				LD_RUNPATH_SEARCH_PATHS = (
					"$(inherited)",
					"@executable_path/Frameworks",
				);
				PRODUCT_BUNDLE_IDENTIFIER = com.bacteriafish.Tastopia;
				PRODUCT_NAME = "$(TARGET_NAME)";
				SWIFT_VERSION = 5.0;
				TARGETED_DEVICE_FAMILY = 1;
			};
			name = Release;
		};
/* End XCBuildConfiguration section */

/* Begin XCConfigurationList section */
		CF12235523E26C90004A41B3 /* Build configuration list for PBXProject "Tastopia" */ = {
			isa = XCConfigurationList;
			buildConfigurations = (
				CF12236F23E26C92004A41B3 /* Debug */,
				CF12237023E26C92004A41B3 /* Release */,
			);
			defaultConfigurationIsVisible = 0;
			defaultConfigurationName = Release;
		};
		CF12237123E26C92004A41B3 /* Build configuration list for PBXNativeTarget "Tastopia" */ = {
			isa = XCConfigurationList;
			buildConfigurations = (
				CF12237223E26C92004A41B3 /* Debug */,
				CF12237323E26C92004A41B3 /* Release */,
			);
			defaultConfigurationIsVisible = 0;
			defaultConfigurationName = Release;
		};
/* End XCConfigurationList section */

/* Begin XCVersionGroup section */
		CF12236623E26C91004A41B3 /* Tastopia.xcdatamodeld */ = {
			isa = XCVersionGroup;
			children = (
				CF12236723E26C91004A41B3 /* Tastopia.xcdatamodel */,
			);
			currentVersion = CF12236723E26C91004A41B3 /* Tastopia.xcdatamodel */;
			path = Tastopia.xcdatamodeld;
			sourceTree = "<group>";
			versionGroupType = wrapper.xcdatamodel;
		};
/* End XCVersionGroup section */
	};
	rootObject = CF12235223E26C90004A41B3 /* Project object */;
}
