// !$*UTF8*$!
{
	archiveVersion = 1;
	classes = {
	};
	objectVersion = 51;
	objects = {

/* Begin PBXBuildFile section */
		85987D451463EC32FB196703 /* Pods_Tastopia.framework in Frameworks */ = {isa = PBXBuildFile; fileRef = 3E3D56D83B99B87ABC986F7B /* Pods_Tastopia.framework */; };
		CF12235E23E26C91004A41B3 /* AppDelegate.swift in Sources */ = {isa = PBXBuildFile; fileRef = CF12235D23E26C91004A41B3 /* AppDelegate.swift */; };
		CF12236223E26C91004A41B3 /* LoginViewController.swift in Sources */ = {isa = PBXBuildFile; fileRef = CF12236123E26C91004A41B3 /* LoginViewController.swift */; };
		CF12236523E26C91004A41B3 /* Main.storyboard in Resources */ = {isa = PBXBuildFile; fileRef = CF12236323E26C91004A41B3 /* Main.storyboard */; };
		CF12236823E26C91004A41B3 /* Tastopia.xcdatamodeld in Sources */ = {isa = PBXBuildFile; fileRef = CF12236623E26C91004A41B3 /* Tastopia.xcdatamodeld */; };
		CF12236A23E26C92004A41B3 /* Assets.xcassets in Resources */ = {isa = PBXBuildFile; fileRef = CF12236923E26C92004A41B3 /* Assets.xcassets */; };
		CF12236D23E26C92004A41B3 /* LaunchScreen.storyboard in Resources */ = {isa = PBXBuildFile; fileRef = CF12236B23E26C92004A41B3 /* LaunchScreen.storyboard */; };
		CFE3C1C423E27A48008FF2A9 /* GoogleService-Info.plist in Resources */ = {isa = PBXBuildFile; fileRef = CFE3C1C323E27A48008FF2A9 /* GoogleService-Info.plist */; };
/* End PBXBuildFile section */

/* Begin PBXFileReference section */
		12CDAFD780F72C595F6E64DB /* Pods-Tastopia.release.xcconfig */ = {isa = PBXFileReference; includeInIndex = 1; lastKnownFileType = text.xcconfig; name = "Pods-Tastopia.release.xcconfig"; path = "Target Support Files/Pods-Tastopia/Pods-Tastopia.release.xcconfig"; sourceTree = "<group>"; };
		31DE31CE88A1929DBD1B2F9D /* Pods-Tastopia.debug.xcconfig */ = {isa = PBXFileReference; includeInIndex = 1; lastKnownFileType = text.xcconfig; name = "Pods-Tastopia.debug.xcconfig"; path = "Target Support Files/Pods-Tastopia/Pods-Tastopia.debug.xcconfig"; sourceTree = "<group>"; };
		3E3D56D83B99B87ABC986F7B /* Pods_Tastopia.framework */ = {isa = PBXFileReference; explicitFileType = wrapper.framework; includeInIndex = 0; path = Pods_Tastopia.framework; sourceTree = BUILT_PRODUCTS_DIR; };
		CF12235A23E26C90004A41B3 /* Tastopia.app */ = {isa = PBXFileReference; explicitFileType = wrapper.application; includeInIndex = 0; path = Tastopia.app; sourceTree = BUILT_PRODUCTS_DIR; };
		CF12235D23E26C91004A41B3 /* AppDelegate.swift */ = {isa = PBXFileReference; lastKnownFileType = sourcecode.swift; path = AppDelegate.swift; sourceTree = "<group>"; };
		CF12236123E26C91004A41B3 /* LoginViewController.swift */ = {isa = PBXFileReference; lastKnownFileType = sourcecode.swift; path = LoginViewController.swift; sourceTree = "<group>"; };
		CF12236423E26C91004A41B3 /* Base */ = {isa = PBXFileReference; lastKnownFileType = file.storyboard; name = Base; path = Base.lproj/Main.storyboard; sourceTree = "<group>"; };
		CF12236723E26C91004A41B3 /* Tastopia.xcdatamodel */ = {isa = PBXFileReference; lastKnownFileType = wrapper.xcdatamodel; path = Tastopia.xcdatamodel; sourceTree = "<group>"; };
		CF12236923E26C92004A41B3 /* Assets.xcassets */ = {isa = PBXFileReference; lastKnownFileType = folder.assetcatalog; path = Assets.xcassets; sourceTree = "<group>"; };
		CF12236C23E26C92004A41B3 /* Base */ = {isa = PBXFileReference; lastKnownFileType = file.storyboard; name = Base; path = Base.lproj/LaunchScreen.storyboard; sourceTree = "<group>"; };
		CF12236E23E26C92004A41B3 /* Info.plist */ = {isa = PBXFileReference; lastKnownFileType = text.plist.xml; path = Info.plist; sourceTree = "<group>"; };
		CFE3C1C323E27A48008FF2A9 /* GoogleService-Info.plist */ = {isa = PBXFileReference; fileEncoding = 4; lastKnownFileType = text.plist.xml; path = "GoogleService-Info.plist"; sourceTree = "<group>"; };
/* End PBXFileReference section */

/* Begin PBXFrameworksBuildPhase section */
		CF12235723E26C90004A41B3 /* Frameworks */ = {
			isa = PBXFrameworksBuildPhase;
			buildActionMask = 2147483647;
			files = (
				85987D451463EC32FB196703 /* Pods_Tastopia.framework in Frameworks */,
			);
			runOnlyForDeploymentPostprocessing = 0;
		};
/* End PBXFrameworksBuildPhase section */

/* Begin PBXGroup section */
		34C6634F7A9F7792B628DFCD /* Frameworks */ = {
			isa = PBXGroup;
			children = (
				3E3D56D83B99B87ABC986F7B /* Pods_Tastopia.framework */,
			);
			name = Frameworks;
			sourceTree = "<group>";
		};
		B1AFB2D369C65B6D124A83C9 /* Pods */ = {
			isa = PBXGroup;
			children = (
				31DE31CE88A1929DBD1B2F9D /* Pods-Tastopia.debug.xcconfig */,
				12CDAFD780F72C595F6E64DB /* Pods-Tastopia.release.xcconfig */,
			);
			path = Pods;
			sourceTree = "<group>";
		};
		CF12235123E26C90004A41B3 = {
			isa = PBXGroup;
			children = (
				CF12235C23E26C90004A41B3 /* Tastopia */,
				CF12235B23E26C90004A41B3 /* Products */,
				34C6634F7A9F7792B628DFCD /* Frameworks */,
				B1AFB2D369C65B6D124A83C9 /* Pods */,
			);
			sourceTree = "<group>";
		};
		CF12235B23E26C90004A41B3 /* Products */ = {
			isa = PBXGroup;
			children = (
				CF12235A23E26C90004A41B3 /* Tastopia.app */,
			);
			name = Products;
			sourceTree = "<group>";
		};
		CF12235C23E26C90004A41B3 /* Tastopia */ = {
			isa = PBXGroup;
			children = (
				CF12235D23E26C91004A41B3 /* AppDelegate.swift */,
				CF12236123E26C91004A41B3 /* LoginViewController.swift */,
				CF12236323E26C91004A41B3 /* Main.storyboard */,
				CF12236923E26C92004A41B3 /* Assets.xcassets */,
				CF12236E23E26C92004A41B3 /* Info.plist */,
				CF12236B23E26C92004A41B3 /* LaunchScreen.storyboard */,
				CF12236623E26C91004A41B3 /* Tastopia.xcdatamodeld */,
				CFE3C1C323E27A48008FF2A9 /* GoogleService-Info.plist */,
			);
			path = Tastopia;
			sourceTree = "<group>";
		};
/* End PBXGroup section */

/* Begin PBXNativeTarget section */
		CF12235923E26C90004A41B3 /* Tastopia */ = {
			isa = PBXNativeTarget;
			buildConfigurationList = CF12237123E26C92004A41B3 /* Build configuration list for PBXNativeTarget "Tastopia" */;
			buildPhases = (
				A9EFDA767741985AD0B7D086 /* [CP] Check Pods Manifest.lock */,
				CF12235623E26C90004A41B3 /* Sources */,
				CF12235723E26C90004A41B3 /* Frameworks */,
				CF12235823E26C90004A41B3 /* Resources */,
				F9B9F171711603314EAC4EC5 /* [CP] Embed Pods Frameworks */,
				8B34B303FB227F0201579F21 /* [CP] Copy Pods Resources */,
				CF12237423E27801004A41B3 /* SwiftLint */,
			);
			buildRules = (
			);
			dependencies = (
			);
			name = Tastopia;
			productName = Tastopia;
			productReference = CF12235A23E26C90004A41B3 /* Tastopia.app */;
			productType = "com.apple.product-type.application";
		};
/* End PBXNativeTarget section */

/* Begin PBXProject section */
		CF12235223E26C90004A41B3 /* Project object */ = {
			isa = PBXProject;
			attributes = {
				LastSwiftUpdateCheck = 1130;
				LastUpgradeCheck = 1130;
				ORGANIZATIONNAME = FISH;
				TargetAttributes = {
					CF12235923E26C90004A41B3 = {
						CreatedOnToolsVersion = 11.3;
					};
				};
			};
			buildConfigurationList = CF12235523E26C90004A41B3 /* Build configuration list for PBXProject "Tastopia" */;
			compatibilityVersion = "Xcode 9.3";
			developmentRegion = en;
			hasScannedForEncodings = 0;
			knownRegions = (
				en,
				Base,
			);
			mainGroup = CF12235123E26C90004A41B3;
			productRefGroup = CF12235B23E26C90004A41B3 /* Products */;
			projectDirPath = "";
			projectRoot = "";
			targets = (
				CF12235923E26C90004A41B3 /* Tastopia */,
			);
		};
/* End PBXProject section */

/* Begin PBXResourcesBuildPhase section */
		CF12235823E26C90004A41B3 /* Resources */ = {
			isa = PBXResourcesBuildPhase;
			buildActionMask = 2147483647;
			files = (
				CF12236D23E26C92004A41B3 /* LaunchScreen.storyboard in Resources */,
				CFE3C1C423E27A48008FF2A9 /* GoogleService-Info.plist in Resources */,
				CF12236A23E26C92004A41B3 /* Assets.xcassets in Resources */,
				CF12236523E26C91004A41B3 /* Main.storyboard in Resources */,
			);
			runOnlyForDeploymentPostprocessing = 0;
		};
/* End PBXResourcesBuildPhase section */

/* Begin PBXShellScriptBuildPhase section */
		8B34B303FB227F0201579F21 /* [CP] Copy Pods Resources */ = {
			isa = PBXShellScriptBuildPhase;
			buildActionMask = 2147483647;
			files = (
			);
			inputFileListPaths = (
				"${PODS_ROOT}/Target Support Files/Pods-Tastopia/Pods-Tastopia-resources-${CONFIGURATION}-input-files.xcfilelist",
			);
			name = "[CP] Copy Pods Resources";
			outputFileListPaths = (
				"${PODS_ROOT}/Target Support Files/Pods-Tastopia/Pods-Tastopia-resources-${CONFIGURATION}-output-files.xcfilelist",
			);
			runOnlyForDeploymentPostprocessing = 0;
			shellPath = /bin/sh;
			shellScript = "\"${PODS_ROOT}/Target Support Files/Pods-Tastopia/Pods-Tastopia-resources.sh\"\n";
			showEnvVarsInLog = 0;
		};
		A9EFDA767741985AD0B7D086 /* [CP] Check Pods Manifest.lock */ = {
			isa = PBXShellScriptBuildPhase;
			buildActionMask = 2147483647;
			files = (
			);
			inputFileListPaths = (
			);
			inputPaths = (
				"${PODS_PODFILE_DIR_PATH}/Podfile.lock",
				"${PODS_ROOT}/Manifest.lock",
			);
			name = "[CP] Check Pods Manifest.lock";
			outputFileListPaths = (
			);
			outputPaths = (
				"$(DERIVED_FILE_DIR)/Pods-Tastopia-checkManifestLockResult.txt",
			);
			runOnlyForDeploymentPostprocessing = 0;
			shellPath = /bin/sh;
			shellScript = "diff \"${PODS_PODFILE_DIR_PATH}/Podfile.lock\" \"${PODS_ROOT}/Manifest.lock\" > /dev/null\nif [ $? != 0 ] ; then\n    # print error to STDERR\n    echo \"error: The sandbox is not in sync with the Podfile.lock. Run 'pod install' or update your CocoaPods installation.\" >&2\n    exit 1\nfi\n# This output is used by Xcode 'outputs' to avoid re-running this script phase.\necho \"SUCCESS\" > \"${SCRIPT_OUTPUT_FILE_0}\"\n";
			showEnvVarsInLog = 0;
		};
		CF12237423E27801004A41B3 /* SwiftLint */ = {
			isa = PBXShellScriptBuildPhase;
			buildActionMask = 2147483647;
			files = (
			);
			inputFileListPaths = (
			);
			inputPaths = (
			);
			name = SwiftLint;
			outputFileListPaths = (
			);
			outputPaths = (
			);
			runOnlyForDeploymentPostprocessing = 0;
			shellPath = /bin/sh;
			shellScript = "\"${PODS_ROOT}/SwiftLint/swiftlint\"\n";
		};
		F9B9F171711603314EAC4EC5 /* [CP] Embed Pods Frameworks */ = {
			isa = PBXShellScriptBuildPhase;
			buildActionMask = 2147483647;
			files = (
			);
			inputFileListPaths = (
				"${PODS_ROOT}/Target Support Files/Pods-Tastopia/Pods-Tastopia-frameworks-${CONFIGURATION}-input-files.xcfilelist",
			);
			name = "[CP] Embed Pods Frameworks";
			outputFileListPaths = (
				"${PODS_ROOT}/Target Support Files/Pods-Tastopia/Pods-Tastopia-frameworks-${CONFIGURATION}-output-files.xcfilelist",
			);
			runOnlyForDeploymentPostprocessing = 0;
			shellPath = /bin/sh;
			shellScript = "\"${PODS_ROOT}/Target Support Files/Pods-Tastopia/Pods-Tastopia-frameworks.sh\"\n";
			showEnvVarsInLog = 0;
		};
/* End PBXShellScriptBuildPhase section */

/* Begin PBXSourcesBuildPhase section */
		CF12235623E26C90004A41B3 /* Sources */ = {
			isa = PBXSourcesBuildPhase;
			buildActionMask = 2147483647;
			files = (
				CF12236223E26C91004A41B3 /* LoginViewController.swift in Sources */,
				CF12235E23E26C91004A41B3 /* AppDelegate.swift in Sources */,
				CF12236823E26C91004A41B3 /* Tastopia.xcdatamodeld in Sources */,
			);
			runOnlyForDeploymentPostprocessing = 0;
		};
/* End PBXSourcesBuildPhase section */

/* Begin PBXVariantGroup section */
		CF12236323E26C91004A41B3 /* Main.storyboard */ = {
			isa = PBXVariantGroup;
			children = (
				CF12236423E26C91004A41B3 /* Base */,
			);
			name = Main.storyboard;
			sourceTree = "<group>";
		};
		CF12236B23E26C92004A41B3 /* LaunchScreen.storyboard */ = {
			isa = PBXVariantGroup;
			children = (
				CF12236C23E26C92004A41B3 /* Base */,
			);
			name = LaunchScreen.storyboard;
			sourceTree = "<group>";
		};
/* End PBXVariantGroup section */

/* Begin XCBuildConfiguration section */
		CF12236F23E26C92004A41B3 /* Debug */ = {
			isa = XCBuildConfiguration;
			buildSettings = {
				ALWAYS_SEARCH_USER_PATHS = NO;
				CLANG_ANALYZER_NONNULL = YES;
				CLANG_ANALYZER_NUMBER_OBJECT_CONVERSION = YES_AGGRESSIVE;
				CLANG_CXX_LANGUAGE_STANDARD = "gnu++14";
				CLANG_CXX_LIBRARY = "libc++";
				CLANG_ENABLE_MODULES = YES;
				CLANG_ENABLE_OBJC_ARC = YES;
				CLANG_ENABLE_OBJC_WEAK = YES;
				CLANG_WARN_BLOCK_CAPTURE_AUTORELEASING = YES;
				CLANG_WARN_BOOL_CONVERSION = YES;
				CLANG_WARN_COMMA = YES;
				CLANG_WARN_CONSTANT_CONVERSION = YES;
				CLANG_WARN_DEPRECATED_OBJC_IMPLEMENTATIONS = YES;
				CLANG_WARN_DIRECT_OBJC_ISA_USAGE = YES_ERROR;
				CLANG_WARN_DOCUMENTATION_COMMENTS = YES;
				CLANG_WARN_EMPTY_BODY = YES;
				CLANG_WARN_ENUM_CONVERSION = YES;
				CLANG_WARN_INFINITE_RECURSION = YES;
				CLANG_WARN_INT_CONVERSION = YES;
				CLANG_WARN_NON_LITERAL_NULL_CONVERSION = YES;
				CLANG_WARN_OBJC_IMPLICIT_RETAIN_SELF = YES;
				CLANG_WARN_OBJC_LITERAL_CONVERSION = YES;
				CLANG_WARN_OBJC_ROOT_CLASS = YES_ERROR;
				CLANG_WARN_RANGE_LOOP_ANALYSIS = YES;
				CLANG_WARN_STRICT_PROTOTYPES = YES;
				CLANG_WARN_SUSPICIOUS_MOVE = YES;
				CLANG_WARN_UNGUARDED_AVAILABILITY = YES_AGGRESSIVE;
				CLANG_WARN_UNREACHABLE_CODE = YES;
				CLANG_WARN__DUPLICATE_METHOD_MATCH = YES;
				COPY_PHASE_STRIP = NO;
				DEBUG_INFORMATION_FORMAT = dwarf;
				ENABLE_STRICT_OBJC_MSGSEND = YES;
				ENABLE_TESTABILITY = YES;
				GCC_C_LANGUAGE_STANDARD = gnu11;
				GCC_DYNAMIC_NO_PIC = NO;
				GCC_NO_COMMON_BLOCKS = YES;
				GCC_OPTIMIZATION_LEVEL = 0;
				GCC_PREPROCESSOR_DEFINITIONS = (
					"DEBUG=1",
					"$(inherited)",
				);
				GCC_WARN_64_TO_32_BIT_CONVERSION = YES;
				GCC_WARN_ABOUT_RETURN_TYPE = YES_ERROR;
				GCC_WARN_UNDECLARED_SELECTOR = YES;
				GCC_WARN_UNINITIALIZED_AUTOS = YES_AGGRESSIVE;
				GCC_WARN_UNUSED_FUNCTION = YES;
				GCC_WARN_UNUSED_VARIABLE = YES;
				IPHONEOS_DEPLOYMENT_TARGET = 13.2;
				MTL_ENABLE_DEBUG_INFO = INCLUDE_SOURCE;
				MTL_FAST_MATH = YES;
				ONLY_ACTIVE_ARCH = YES;
				SDKROOT = iphoneos;
				SWIFT_ACTIVE_COMPILATION_CONDITIONS = DEBUG;
				SWIFT_OPTIMIZATION_LEVEL = "-Onone";
			};
			name = Debug;
		};
		CF12237023E26C92004A41B3 /* Release */ = {
			isa = XCBuildConfiguration;
			buildSettings = {
				ALWAYS_SEARCH_USER_PATHS = NO;
				CLANG_ANALYZER_NONNULL = YES;
				CLANG_ANALYZER_NUMBER_OBJECT_CONVERSION = YES_AGGRESSIVE;
				CLANG_CXX_LANGUAGE_STANDARD = "gnu++14";
				CLANG_CXX_LIBRARY = "libc++";
				CLANG_ENABLE_MODULES = YES;
				CLANG_ENABLE_OBJC_ARC = YES;
				CLANG_ENABLE_OBJC_WEAK = YES;
				CLANG_WARN_BLOCK_CAPTURE_AUTORELEASING = YES;
				CLANG_WARN_BOOL_CONVERSION = YES;
				CLANG_WARN_COMMA = YES;
				CLANG_WARN_CONSTANT_CONVERSION = YES;
				CLANG_WARN_DEPRECATED_OBJC_IMPLEMENTATIONS = YES;
				CLANG_WARN_DIRECT_OBJC_ISA_USAGE = YES_ERROR;
				CLANG_WARN_DOCUMENTATION_COMMENTS = YES;
				CLANG_WARN_EMPTY_BODY = YES;
				CLANG_WARN_ENUM_CONVERSION = YES;
				CLANG_WARN_INFINITE_RECURSION = YES;
				CLANG_WARN_INT_CONVERSION = YES;
				CLANG_WARN_NON_LITERAL_NULL_CONVERSION = YES;
				CLANG_WARN_OBJC_IMPLICIT_RETAIN_SELF = YES;
				CLANG_WARN_OBJC_LITERAL_CONVERSION = YES;
				CLANG_WARN_OBJC_ROOT_CLASS = YES_ERROR;
				CLANG_WARN_RANGE_LOOP_ANALYSIS = YES;
				CLANG_WARN_STRICT_PROTOTYPES = YES;
				CLANG_WARN_SUSPICIOUS_MOVE = YES;
				CLANG_WARN_UNGUARDED_AVAILABILITY = YES_AGGRESSIVE;
				CLANG_WARN_UNREACHABLE_CODE = YES;
				CLANG_WARN__DUPLICATE_METHOD_MATCH = YES;
				COPY_PHASE_STRIP = NO;
				DEBUG_INFORMATION_FORMAT = "dwarf-with-dsym";
				ENABLE_NS_ASSERTIONS = NO;
				ENABLE_STRICT_OBJC_MSGSEND = YES;
				GCC_C_LANGUAGE_STANDARD = gnu11;
				GCC_NO_COMMON_BLOCKS = YES;
				GCC_WARN_64_TO_32_BIT_CONVERSION = YES;
				GCC_WARN_ABOUT_RETURN_TYPE = YES_ERROR;
				GCC_WARN_UNDECLARED_SELECTOR = YES;
				GCC_WARN_UNINITIALIZED_AUTOS = YES_AGGRESSIVE;
				GCC_WARN_UNUSED_FUNCTION = YES;
				GCC_WARN_UNUSED_VARIABLE = YES;
				IPHONEOS_DEPLOYMENT_TARGET = 13.2;
				MTL_ENABLE_DEBUG_INFO = NO;
				MTL_FAST_MATH = YES;
				SDKROOT = iphoneos;
				SWIFT_COMPILATION_MODE = wholemodule;
				SWIFT_OPTIMIZATION_LEVEL = "-O";
				VALIDATE_PRODUCT = YES;
			};
			name = Release;
		};
		CF12237223E26C92004A41B3 /* Debug */ = {
			isa = XCBuildConfiguration;
			baseConfigurationReference = 31DE31CE88A1929DBD1B2F9D /* Pods-Tastopia.debug.xcconfig */;
			buildSettings = {
				ASSETCATALOG_COMPILER_APPICON_NAME = AppIcon;
				CODE_SIGN_STYLE = Automatic;
				INFOPLIST_FILE = Tastopia/Info.plist;
				LD_RUNPATH_SEARCH_PATHS = (
					"$(inherited)",
					"@executable_path/Frameworks",
				);
				PRODUCT_BUNDLE_IDENTIFIER = com.bacteriafish.Tastopia;
				PRODUCT_NAME = "$(TARGET_NAME)";
				SWIFT_VERSION = 5.0;
				TARGETED_DEVICE_FAMILY = "1,2";
			};
			name = Debug;
		};
		CF12237323E26C92004A41B3 /* Release */ = {
			isa = XCBuildConfiguration;
			baseConfigurationReference = 12CDAFD780F72C595F6E64DB /* Pods-Tastopia.release.xcconfig */;
			buildSettings = {
				ASSETCATALOG_COMPILER_APPICON_NAME = AppIcon;
				CODE_SIGN_STYLE = Automatic;
				INFOPLIST_FILE = Tastopia/Info.plist;
				LD_RUNPATH_SEARCH_PATHS = (
					"$(inherited)",
					"@executable_path/Frameworks",
				);
				PRODUCT_BUNDLE_IDENTIFIER = com.bacteriafish.Tastopia;
				PRODUCT_NAME = "$(TARGET_NAME)";
				SWIFT_VERSION = 5.0;
				TARGETED_DEVICE_FAMILY = "1,2";
			};
			name = Release;
		};
/* End XCBuildConfiguration section */

/* Begin XCConfigurationList section */
		CF12235523E26C90004A41B3 /* Build configuration list for PBXProject "Tastopia" */ = {
			isa = XCConfigurationList;
			buildConfigurations = (
				CF12236F23E26C92004A41B3 /* Debug */,
				CF12237023E26C92004A41B3 /* Release */,
			);
			defaultConfigurationIsVisible = 0;
			defaultConfigurationName = Release;
		};
		CF12237123E26C92004A41B3 /* Build configuration list for PBXNativeTarget "Tastopia" */ = {
			isa = XCConfigurationList;
			buildConfigurations = (
				CF12237223E26C92004A41B3 /* Debug */,
				CF12237323E26C92004A41B3 /* Release */,
			);
			defaultConfigurationIsVisible = 0;
			defaultConfigurationName = Release;
		};
/* End XCConfigurationList section */

/* Begin XCVersionGroup section */
		CF12236623E26C91004A41B3 /* Tastopia.xcdatamodeld */ = {
			isa = XCVersionGroup;
			children = (
				CF12236723E26C91004A41B3 /* Tastopia.xcdatamodel */,
			);
			currentVersion = CF12236723E26C91004A41B3 /* Tastopia.xcdatamodel */;
			path = Tastopia.xcdatamodeld;
			sourceTree = "<group>";
			versionGroupType = wrapper.xcdatamodel;
		};
/* End XCVersionGroup section */
	};
	rootObject = CF12235223E26C90004A41B3 /* Project object */;
}
